
Microsoft Visual Studio Solution File, Format Version 12.00
# Visual Studio 2012
Project("{8BC9CEB8-8B4A-11D0-8D11-00A0C91BC942}") = "TDK", "TDK\TDK.vcxproj", "{426C35FD-3552-4A84-B62D-2586AD12B41A}"
EndProject
Global
	GlobalSection(SolutionConfigurationPlatforms) = preSolution
		Debug|Win32 = Debug|Win32
		DTests|Win32 = DTests|Win32
		Release|Win32 = Release|Win32
		RTests|Win32 = RTests|Win32
	EndGlobalSection
	GlobalSection(ProjectConfigurationPlatforms) = postSolution
		{426C35FD-3552-4A84-B62D-2586AD12B41A}.Debug|Win32.ActiveCfg = Debug|Win32
		{426C35FD-3552-4A84-B62D-2586AD12B41A}.Debug|Win32.Build.0 = Debug|Win32
		{426C35FD-3552-4A84-B62D-2586AD12B41A}.DTests|Win32.ActiveCfg = DTests|Win32
		{426C35FD-3552-4A84-B62D-2586AD12B41A}.DTests|Win32.Build.0 = DTests|Win32
		{426C35FD-3552-4A84-B62D-2586AD12B41A}.Release|Win32.ActiveCfg = Release|Win32
		{426C35FD-3552-4A84-B62D-2586AD12B41A}.Release|Win32.Build.0 = Release|Win32
		{426C35FD-3552-4A84-B62D-2586AD12B41A}.RTests|Win32.ActiveCfg = RTests|Win32
		{426C35FD-3552-4A84-B62D-2586AD12B41A}.RTests|Win32.Build.0 = RTests|Win32
	EndGlobalSection
	GlobalSection(SolutionProperties) = preSolution
		HideSolutionNode = FALSE
	EndGlobalSection
EndGlobal
